Microsoft Visual Studio Solution File, Format Version 12.00
# Visual Studio Version 17
VisualStudioVersion = 17.5.2.0
MinimumVisualStudioVersion = 10.0.40219.1
Project("{FAE04EC0-301F-11D3-BF4B-00C04F79EFBC}") = "AppBackend", "AppBackend\AppBackend.csproj", "{AA5AD595-A06E-76B7-9B9B-F0EE27EA2B6A}"
EndProject
Global
	GlobalSection(SolutionConfigurationPlatforms) = preSolution
		Debug|Any CPU = Debug|Any CPU
		Release|Any CPU = Release|Any CPU
	EndGlobalSection
	GlobalSection(ProjectConfigurationPlatforms) = postSolution
		{AA5AD595-A06E-76B7-9B9B-F0EE27EA2B6A}.Debug|Any CPU.ActiveCfg = Debug|Any CPU
		{AA5AD595-A06E-76B7-9B9B-F0EE27EA2B6A}.Debug|Any CPU.Build.0 = Debug|Any CPU
		{AA5AD595-A06E-76B7-9B9B-F0EE27EA2B6A}.Release|Any CPU.ActiveCfg = Release|Any CPU
		{AA5AD595-A06E-76B7-9B9B-F0EE27EA2B6A}.Release|Any CPU.Build.0 = Release|Any CPU
	EndGlobalSection
	GlobalSection(SolutionProperties) = preSolution
		HideSolutionNode = FALSE
	EndGlobalSection
	GlobalSection(ExtensibilityGlobals) = postSolution
		SolutionGuid = {14D530BE-D065-496B-A432-4F7598250B59}
	EndGlobalSection
EndGlobal
